
Microsoft Visual Studio Solution File, Format Version 12.00
# Visual Studio Version 17
VisualStudioVersion = 17.0.31903.59
MinimumVisualStudioVersion = 10.0.40219.1
Project("{2150E333-8FDC-42A3-9474-1A3956D46DE8}") = "src", "src", "{827E0CD3-B72D-47B6-A68D-7590B98EB39B}"
EndProject
Project("{FAE04EC0-301F-11D3-BF4B-00C04F79EFBC}") = "MisFinanzas.Domain", "src\MisFinanzas.Domain\MisFinanzas.Domain.csproj", "{D1A53C35-D8C8-4760-B849-9C718BC5F189}"
EndProject
Project("{FAE04EC0-301F-11D3-BF4B-00C04F79EFBC}") = "MisFinanzas.Application", "src\MisFinanzas.Application\MisFinanzas.Application.csproj", "{C12C1971-2559-4671-8199-2A0B384D1F29}"
EndProject
Project("{FAE04EC0-301F-11D3-BF4B-00C04F79EFBC}") = "MisFinanzas.Infrastructure", "src\MisFinanzas.Infrastructure\MisFinanzas.Infrastructure.csproj", "{F7F27F6B-526F-4BA1-8456-1575B3984928}"
EndProject
Project("{FAE04EC0-301F-11D3-BF4B-00C04F79EFBC}") = "MisFinanzas.API", "src\MisFinanzas.API\MisFinanzas.API.csproj", "{6AD6F2BD-ACBB-4F20-9762-F6577B6059DE}"
EndProject
Project("{2150E333-8FDC-42A3-9474-1A3956D46DE8}") = "tests", "tests", "{0AB3BF05-4346-4AA6-1389-037BE0695223}"
EndProject
Project("{FAE04EC0-301F-11D3-BF4B-00C04F79EFBC}") = "MisFinanzas.Application.Tests", "tests\MisFinanzas.Application.Tests\MisFinanzas.Application.Tests.csproj", "{2C3A440E-11C3-4D43-9C1D-520341CFF76B}"
EndProject
Global
	GlobalSection(SolutionConfigurationPlatforms) = preSolution
		Debug|Any CPU = Debug|Any CPU
		Debug|x64 = Debug|x64
		Debug|x86 = Debug|x86
		Release|Any CPU = Release|Any CPU
		Release|x64 = Release|x64
		Release|x86 = Release|x86
	EndGlobalSection
	GlobalSection(ProjectConfigurationPlatforms) = postSolution
		{D1A53C35-D8C8-4760-B849-9C718BC5F189}.Debug|Any CPU.ActiveCfg = Debug|Any CPU
		{D1A53C35-D8C8-4760-B849-9C718BC5F189}.Debug|Any CPU.Build.0 = Debug|Any CPU
		{D1A53C35-D8C8-4760-B849-9C718BC5F189}.Debug|x64.ActiveCfg = Debug|Any CPU
		{D1A53C35-D8C8-4760-B849-9C718BC5F189}.Debug|x64.Build.0 = Debug|Any CPU
		{D1A53C35-D8C8-4760-B849-9C718BC5F189}.Debug|x86.ActiveCfg = Debug|Any CPU
		{D1A53C35-D8C8-4760-B849-9C718BC5F189}.Debug|x86.Build.0 = Debug|Any CPU
		{D1A53C35-D8C8-4760-B849-9C718BC5F189}.Release|Any CPU.ActiveCfg = Release|Any CPU
		{D1A53C35-D8C8-4760-B849-9C718BC5F189}.Release|Any CPU.Build.0 = Release|Any CPU
		{D1A53C35-D8C8-4760-B849-9C718BC5F189}.Release|x64.ActiveCfg = Release|Any CPU
		{D1A53C35-D8C8-4760-B849-9C718BC5F189}.Release|x64.Build.0 = Release|Any CPU
		{D1A53C35-D8C8-4760-B849-9C718BC5F189}.Release|x86.ActiveCfg = Release|Any CPU
		{D1A53C35-D8C8-4760-B849-9C718BC5F189}.Release|x86.Build.0 = Release|Any CPU
		{C12C1971-2559-4671-8199-2A0B384D1F29}.Debug|Any CPU.ActiveCfg = Debug|Any CPU
		{C12C1971-2559-4671-8199-2A0B384D1F29}.Debug|Any CPU.Build.0 = Debug|Any CPU
		{C12C1971-2559-4671-8199-2A0B384D1F29}.Debug|x64.ActiveCfg = Debug|Any CPU
		{C12C1971-2559-4671-8199-2A0B384D1F29}.Debug|x64.Build.0 = Debug|Any CPU
		{C12C1971-2559-4671-8199-2A0B384D1F29}.Debug|x86.ActiveCfg = Debug|Any CPU
		{C12C1971-2559-4671-8199-2A0B384D1F29}.Debug|x86.Build.0 = Debug|Any CPU
		{C12C1971-2559-4671-8199-2A0B384D1F29}.Release|Any CPU.ActiveCfg = Release|Any CPU
		{C12C1971-2559-4671-8199-2A0B384D1F29}.Release|Any CPU.Build.0 = Release|Any CPU
		{C12C1971-2559-4671-8199-2A0B384D1F29}.Release|x64.ActiveCfg = Release|Any CPU
		{C12C1971-2559-4671-8199-2A0B384D1F29}.Release|x64.Build.0 = Release|Any CPU
		{C12C1971-2559-4671-8199-2A0B384D1F29}.Release|x86.ActiveCfg = Release|Any CPU
		{C12C1971-2559-4671-8199-2A0B384D1F29}.Release|x86.Build.0 = Release|Any CPU
		{F7F27F6B-526F-4BA1-8456-1575B3984928}.Debug|Any CPU.ActiveCfg = Debug|Any CPU
		{F7F27F6B-526F-4BA1-8456-1575B3984928}.Debug|Any CPU.Build.0 = Debug|Any CPU
		{F7F27F6B-526F-4BA1-8456-1575B3984928}.Debug|x64.ActiveCfg = Debug|Any CPU
		{F7F27F6B-526F-4BA1-8456-1575B3984928}.Debug|x64.Build.0 = Debug|Any CPU
		{F7F27F6B-526F-4BA1-8456-1575B3984928}.Debug|x86.ActiveCfg = Debug|Any CPU
		{F7F27F6B-526F-4BA1-8456-1575B3984928}.Debug|x86.Build.0 = Debug|Any CPU
		{F7F27F6B-526F-4BA1-8456-1575B3984928}.Release|Any CPU.ActiveCfg = Release|Any CPU
		{F7F27F6B-526F-4BA1-8456-1575B3984928}.Release|Any CPU.Build.0 = Release|Any CPU
		{F7F27F6B-526F-4BA1-8456-1575B3984928}.Release|x64.ActiveCfg = Release|Any CPU
		{F7F27F6B-526F-4BA1-8456-1575B3984928}.Release|x64.Build.0 = Release|Any CPU
		{F7F27F6B-526F-4BA1-8456-1575B3984928}.Release|x86.ActiveCfg = Release|Any CPU
		{F7F27F6B-526F-4BA1-8456-1575B3984928}.Release|x86.Build.0 = Release|Any CPU
		{6AD6F2BD-ACBB-4F20-9762-F6577B6059DE}.Debug|Any CPU.ActiveCfg = Debug|Any CPU
		{6AD6F2BD-ACBB-4F20-9762-F6577B6059DE}.Debug|Any CPU.Build.0 = Debug|Any CPU
		{6AD6F2BD-ACBB-4F20-9762-F6577B6059DE}.Debug|x64.ActiveCfg = Debug|Any CPU
		{6AD6F2BD-ACBB-4F20-9762-F6577B6059DE}.Debug|x64.Build.0 = Debug|Any CPU
		{6AD6F2BD-ACBB-4F20-9762-F6577B6059DE}.Debug|x86.ActiveCfg = Debug|Any CPU
		{6AD6F2BD-ACBB-4F20-9762-F6577B6059DE}.Debug|x86.Build.0 = Debug|Any CPU
		{6AD6F2BD-ACBB-4F20-9762-F6577B6059DE}.Release|Any CPU.ActiveCfg = Release|Any CPU
		{6AD6F2BD-ACBB-4F20-9762-F6577B6059DE}.Release|Any CPU.Build.0 = Release|Any CPU
		{6AD6F2BD-ACBB-4F20-9762-F6577B6059DE}.Release|x64.ActiveCfg = Release|Any CPU
		{6AD6F2BD-ACBB-4F20-9762-F6577B6059DE}.Release|x64.Build.0 = Release|Any CPU
		{6AD6F2BD-ACBB-4F20-9762-F6577B6059DE}.Release|x86.ActiveCfg = Release|Any CPU
		{6AD6F2BD-ACBB-4F20-9762-F6577B6059DE}.Release|x86.Build.0 = Release|Any CPU
		{2C3A440E-11C3-4D43-9C1D-520341CFF76B}.Debug|Any CPU.ActiveCfg = Debug|Any CPU
		{2C3A440E-11C3-4D43-9C1D-520341CFF76B}.Debug|Any CPU.Build.0 = Debug|Any CPU
		{2C3A440E-11C3-4D43-9C1D-520341CFF76B}.Debug|x64.ActiveCfg = Debug|Any CPU
		{2C3A440E-11C3-4D43-9C1D-520341CFF76B}.Debug|x64.Build.0 = Debug|Any CPU
		{2C3A440E-11C3-4D43-9C1D-520341CFF76B}.Debug|x86.ActiveCfg = Debug|Any CPU
		{2C3A440E-11C3-4D43-9C1D-520341CFF76B}.Debug|x86.Build.0 = Debug|Any CPU
		{2C3A440E-11C3-4D43-9C1D-520341CFF76B}.Release|Any CPU.ActiveCfg = Release|Any CPU
		{2C3A440E-11C3-4D43-9C1D-520341CFF76B}.Release|Any CPU.Build.0 = Release|Any CPU
		{2C3A440E-11C3-4D43-9C1D-520341CFF76B}.Release|x64.ActiveCfg = Release|Any CPU
		{2C3A440E-11C3-4D43-9C1D-520341CFF76B}.Release|x64.Build.0 = Release|Any CPU
		{2C3A440E-11C3-4D43-9C1D-520341CFF76B}.Release|x86.ActiveCfg = Release|Any CPU
		{2C3A440E-11C3-4D43-9C1D-520341CFF76B}.Release|x86.Build.0 = Release|Any CPU
	EndGlobalSection
	GlobalSection(SolutionProperties) = preSolution
		HideSolutionNode = FALSE
	EndGlobalSection
	GlobalSection(NestedProjects) = preSolution
		{D1A53C35-D8C8-4760-B849-9C718BC5F189} = {827E0CD3-B72D-47B6-A68D-7590B98EB39B}
		{C12C1971-2559-4671-8199-2A0B384D1F29} = {827E0CD3-B72D-47B6-A68D-7590B98EB39B}
		{F7F27F6B-526F-4BA1-8456-1575B3984928} = {827E0CD3-B72D-47B6-A68D-7590B98EB39B}
		{6AD6F2BD-ACBB-4F20-9762-F6577B6059DE} = {827E0CD3-B72D-47B6-A68D-7590B98EB39B}
		{2C3A440E-11C3-4D43-9C1D-520341CFF76B} = {0AB3BF05-4346-4AA6-1389-037BE0695223}
	EndGlobalSection
EndGlobal
